
Microsoft Visual Studio Solution File, Format Version 12.00
# Visual Studio Version 17
VisualStudioVersion = 17.7.34202.233
MinimumVisualStudioVersion = 10.0.40219.1
Project("{9A19103F-16F7-4668-BE54-9A1E7A4F7556}") = "BusinessObject", "BusinessObject\BusinessObject.csproj", "{4740EEFB-2574-4422-9AE4-DA8D2173EAB5}"
EndProject
Project("{FAE04EC0-301F-11D3-BF4B-00C04F79EFBC}") = "RealEstateDAO", "RealEstateDAO\RealEstateDAO.csproj", "{294FE78E-2CC9-4E71-B4EB-1F343CA68D71}"
EndProject
Project("{FAE04EC0-301F-11D3-BF4B-00C04F79EFBC}") = "RealEstateRepo", "RealEsrtateRepo\RealEstateRepo.csproj", "{71A8CFFF-9D80-4560-A116-7D47472F35B0}"
EndProject
Project("{FAE04EC0-301F-11D3-BF4B-00C04F79EFBC}") = "RealEstate", "RealEstate\RealEstate.csproj", "{8C34EF65-6A34-41F8-9E3A-3CB35A67B640}"
EndProject
Global
	GlobalSection(SolutionConfigurationPlatforms) = preSolution
		Debug|Any CPU = Debug|Any CPU
		Release|Any CPU = Release|Any CPU
	EndGlobalSection
	GlobalSection(ProjectConfigurationPlatforms) = postSolution
		{4740EEFB-2574-4422-9AE4-DA8D2173EAB5}.Debug|Any CPU.ActiveCfg = Debug|Any CPU
		{4740EEFB-2574-4422-9AE4-DA8D2173EAB5}.Debug|Any CPU.Build.0 = Debug|Any CPU
		{4740EEFB-2574-4422-9AE4-DA8D2173EAB5}.Release|Any CPU.ActiveCfg = Release|Any CPU
		{4740EEFB-2574-4422-9AE4-DA8D2173EAB5}.Release|Any CPU.Build.0 = Release|Any CPU
		{294FE78E-2CC9-4E71-B4EB-1F343CA68D71}.Debug|Any CPU.ActiveCfg = Debug|Any CPU
		{294FE78E-2CC9-4E71-B4EB-1F343CA68D71}.Debug|Any CPU.Build.0 = Debug|Any CPU
		{294FE78E-2CC9-4E71-B4EB-1F343CA68D71}.Release|Any CPU.ActiveCfg = Release|Any CPU
		{294FE78E-2CC9-4E71-B4EB-1F343CA68D71}.Release|Any CPU.Build.0 = Release|Any CPU
		{71A8CFFF-9D80-4560-A116-7D47472F35B0}.Debug|Any CPU.ActiveCfg = Debug|Any CPU
		{71A8CFFF-9D80-4560-A116-7D47472F35B0}.Debug|Any CPU.Build.0 = Debug|Any CPU
		{71A8CFFF-9D80-4560-A116-7D47472F35B0}.Release|Any CPU.ActiveCfg = Release|Any CPU
		{71A8CFFF-9D80-4560-A116-7D47472F35B0}.Release|Any CPU.Build.0 = Release|Any CPU
		{8C34EF65-6A34-41F8-9E3A-3CB35A67B640}.Debug|Any CPU.ActiveCfg = Debug|Any CPU
		{8C34EF65-6A34-41F8-9E3A-3CB35A67B640}.Debug|Any CPU.Build.0 = Debug|Any CPU
		{8C34EF65-6A34-41F8-9E3A-3CB35A67B640}.Release|Any CPU.ActiveCfg = Release|Any CPU
		{8C34EF65-6A34-41F8-9E3A-3CB35A67B640}.Release|Any CPU.Build.0 = Release|Any CPU
	EndGlobalSection
	GlobalSection(SolutionProperties) = preSolution
		HideSolutionNode = FALSE
	EndGlobalSection
	GlobalSection(ExtensibilityGlobals) = postSolution
		SolutionGuid = {29E160EF-2F38-4188-95A4-E1B8F665E24D}
	EndGlobalSection
EndGlobal
